
Microsoft Visual Studio Solution File, Format Version 12.00
# Visual Studio Version 16
VisualStudioVersion = 16.0.29215.179
MinimumVisualStudioVersion = 10.0.40219.1
Project("{FAE04EC0-301F-11D3-BF4B-00C04F79EFBC}") = "UWP", "UWP\UWP.csproj", "{9BF45601-59DF-43B5-98C8-85B5DE681A9A}"
EndProject
Project("{FAE04EC0-301F-11D3-BF4B-00C04F79EFBC}") = "ModelObjet", "ModelObjet\ModelObjet.csproj", "{92866637-29C2-45C1-A818-3B7D7B3F56CB}"
EndProject
Global
	GlobalSection(SolutionConfigurationPlatforms) = preSolution
		Debug|Any CPU = Debug|Any CPU
		Debug|ARM = Debug|ARM
		Debug|ARM64 = Debug|ARM64
		Debug|x64 = Debug|x64
		Debug|x86 = Debug|x86
		Release|Any CPU = Release|Any CPU
		Release|ARM = Release|ARM
		Release|ARM64 = Release|ARM64
		Release|x64 = Release|x64
		Release|x86 = Release|x86
	EndGlobalSection
	GlobalSection(ProjectConfigurationPlatforms) = postSolution
		{9BF45601-59DF-43B5-98C8-85B5DE681A9A}.Debug|Any CPU.ActiveCfg = Debug|x86
		{9BF45601-59DF-43B5-98C8-85B5DE681A9A}.Debug|ARM.ActiveCfg = Debug|ARM
		{9BF45601-59DF-43B5-98C8-85B5DE681A9A}.Debug|ARM.Build.0 = Debug|ARM
		{9BF45601-59DF-43B5-98C8-85B5DE681A9A}.Debug|ARM.Deploy.0 = Debug|ARM
		{9BF45601-59DF-43B5-98C8-85B5DE681A9A}.Debug|ARM64.ActiveCfg = Debug|ARM64
		{9BF45601-59DF-43B5-98C8-85B5DE681A9A}.Debug|ARM64.Build.0 = Debug|ARM64
		{9BF45601-59DF-43B5-98C8-85B5DE681A9A}.Debug|ARM64.Deploy.0 = Debug|ARM64
		{9BF45601-59DF-43B5-98C8-85B5DE681A9A}.Debug|x64.ActiveCfg = Debug|x64
		{9BF45601-59DF-43B5-98C8-85B5DE681A9A}.Debug|x64.Build.0 = Debug|x64
		{9BF45601-59DF-43B5-98C8-85B5DE681A9A}.Debug|x64.Deploy.0 = Debug|x64
		{9BF45601-59DF-43B5-98C8-85B5DE681A9A}.Debug|x86.ActiveCfg = Debug|x86
		{9BF45601-59DF-43B5-98C8-85B5DE681A9A}.Debug|x86.Build.0 = Debug|x86
		{9BF45601-59DF-43B5-98C8-85B5DE681A9A}.Debug|x86.Deploy.0 = Debug|x86
		{9BF45601-59DF-43B5-98C8-85B5DE681A9A}.Release|Any CPU.ActiveCfg = Release|x86
		{9BF45601-59DF-43B5-98C8-85B5DE681A9A}.Release|ARM.ActiveCfg = Release|ARM
		{9BF45601-59DF-43B5-98C8-85B5DE681A9A}.Release|ARM.Build.0 = Release|ARM
		{9BF45601-59DF-43B5-98C8-85B5DE681A9A}.Release|ARM.Deploy.0 = Release|ARM
		{9BF45601-59DF-43B5-98C8-85B5DE681A9A}.Release|ARM64.ActiveCfg = Release|ARM64
		{9BF45601-59DF-43B5-98C8-85B5DE681A9A}.Release|ARM64.Build.0 = Release|ARM64
		{9BF45601-59DF-43B5-98C8-85B5DE681A9A}.Release|ARM64.Deploy.0 = Release|ARM64
		{9BF45601-59DF-43B5-98C8-85B5DE681A9A}.Release|x64.ActiveCfg = Release|x64
		{9BF45601-59DF-43B5-98C8-85B5DE681A9A}.Release|x64.Build.0 = Release|x64
		{9BF45601-59DF-43B5-98C8-85B5DE681A9A}.Release|x64.Deploy.0 = Release|x64
		{9BF45601-59DF-43B5-98C8-85B5DE681A9A}.Release|x86.ActiveCfg = Release|x86
		{9BF45601-59DF-43B5-98C8-85B5DE681A9A}.Release|x86.Build.0 = Release|x86
		{9BF45601-59DF-43B5-98C8-85B5DE681A9A}.Release|x86.Deploy.0 = Release|x86
		{92866637-29C2-45C1-A818-3B7D7B3F56CB}.Debug|Any CPU.ActiveCfg = Debug|Any CPU
		{92866637-29C2-45C1-A818-3B7D7B3F56CB}.Debug|Any CPU.Build.0 = Debug|Any CPU
		{92866637-29C2-45C1-A818-3B7D7B3F56CB}.Debug|ARM.ActiveCfg = Debug|Any CPU
		{92866637-29C2-45C1-A818-3B7D7B3F56CB}.Debug|ARM.Build.0 = Debug|Any CPU
		{92866637-29C2-45C1-A818-3B7D7B3F56CB}.Debug|ARM64.ActiveCfg = Debug|Any CPU
		{92866637-29C2-45C1-A818-3B7D7B3F56CB}.Debug|ARM64.Build.0 = Debug|Any CPU
		{92866637-29C2-45C1-A818-3B7D7B3F56CB}.Debug|x64.ActiveCfg = Debug|Any CPU
		{92866637-29C2-45C1-A818-3B7D7B3F56CB}.Debug|x64.Build.0 = Debug|Any CPU
		{92866637-29C2-45C1-A818-3B7D7B3F56CB}.Debug|x86.ActiveCfg = Debug|Any CPU
		{92866637-29C2-45C1-A818-3B7D7B3F56CB}.Debug|x86.Build.0 = Debug|Any CPU
		{92866637-29C2-45C1-A818-3B7D7B3F56CB}.Release|Any CPU.ActiveCfg = Release|Any CPU
		{92866637-29C2-45C1-A818-3B7D7B3F56CB}.Release|Any CPU.Build.0 = Release|Any CPU
		{92866637-29C2-45C1-A818-3B7D7B3F56CB}.Release|ARM.ActiveCfg = Release|Any CPU
		{92866637-29C2-45C1-A818-3B7D7B3F56CB}.Release|ARM.Build.0 = Release|Any CPU
		{92866637-29C2-45C1-A818-3B7D7B3F56CB}.Release|ARM64.ActiveCfg = Release|Any CPU
		{92866637-29C2-45C1-A818-3B7D7B3F56CB}.Release|ARM64.Build.0 = Release|Any CPU
		{92866637-29C2-45C1-A818-3B7D7B3F56CB}.Release|x64.ActiveCfg = Release|Any CPU
		{92866637-29C2-45C1-A818-3B7D7B3F56CB}.Release|x64.Build.0 = Release|Any CPU
		{92866637-29C2-45C1-A818-3B7D7B3F56CB}.Release|x86.ActiveCfg = Release|Any CPU
		{92866637-29C2-45C1-A818-3B7D7B3F56CB}.Release|x86.Build.0 = Release|Any CPU
	EndGlobalSection
	GlobalSection(SolutionProperties) = preSolution
		HideSolutionNode = FALSE
	EndGlobalSection
	GlobalSection(ExtensibilityGlobals) = postSolution
		SolutionGuid = {6A2AB6B0-9161-4984-8986-65A34193B4D0}
	EndGlobalSection
EndGlobal
